<?xml version="1.0" encoding="utf-8"?>
<Project ToolsVersion="4.0" xmlns="http://schemas.microsoft.com/developer/msbuild/2003">
  <ItemGroup>
    <Filter Include="Source Files">
      <UniqueIdentifier>{4FC737F1-C7A5-4376-A066-2A32D752A2FF}</UniqueIdentifier>
      <Extensions>cpp;c;cc;cxx;def;odl;idl;hpj;bat;asm;asmx</Extensions>
    </Filter>
    <Filter Include="Header Files">
      <UniqueIdentifier>{93995380-89BD-4b04-88EB-625FBE52EBFB}</UniqueIdentifier>
      <Extensions>h;hh;hpp;hxx;hm;inl;inc;ipp;xsd</Extensions>
    </Filter>
    <Filter Include="Resource Files">
      <UniqueIdentifier>{67DA6AB6-F800-4c08-8B7A-83BB121AAD01}</UniqueIdentifier>
      <Extensions>rc;ico;cur;bmp;dlg;rc2;rct;bin;rgs;gif;jpg;jpeg;jpe;resx;tiff;tif;png;wav;mfcribbon-ms</Extensions>
    </Filter>
  </ItemGroup>
  <ItemGroup>
    <ClInclude Include="src\pch.h">
      <Filter>Header Files</Filter>
    </ClInclude>
    <ClInclude Include="src\rabbitcall\rabbitcall.h">
      <Filter>Header Files</Filter>
    </ClInclude>
    <ClInclude Include="src\special_tests.h">
      <Filter>Header Files</Filter>
    </ClInclude>
    <ClInclude Include="src\file_set_test\excluded_file.h">
      <Filter>Header Files</Filter>
    </ClInclude>
    <ClInclude Include="src\file_set_test\vehicle\bicycle\included_bicycle.h">
      <Filter>Header Files</Filter>
    </ClInclude>
    <ClInclude Include="src\file_set_test\vehicle\car\excluded_car.h">
      <Filter>Header Files</Filter>
    </ClInclude>
    <ClInclude Include="src\file_set_test\vehicle\included_vehicle.h">
      <Filter>Header Files</Filter>
    </ClInclude>
    <ClInclude Include="src\pinvoke_tests.h">
      <Filter>Header Files</Filter>
    </ClInclude>
    <ClInclude Include="src\rabbitcall\rabbitcall_generated_main.h">
      <Filter>Header Files</Filter>
    </ClInclude>
    <ClInclude Include="src\file_set_test\house\included_file_in_partition2.h">
      <Filter>Header Files</Filter>
    </ClInclude>
    <ClInclude Include="src\global_types.h">
      <Filter>Header Files</Filter>
    </ClInclude>
    <ClInclude Include="src\opengl\opengl_test.h">
      <Filter>Header Files</Filter>
    </ClInclude>
    <ClInclude Include="src\opengl\glad\include\glad\glad.h">
      <Filter>Header Files</Filter>
    </ClInclude>
    <ClInclude Include="src\opengl\glad\include\KHR\khrplatform.h">
      <Filter>Header Files</Filter>
    </ClInclude>
    <ClInclude Include="src\main_tests.h">
      <Filter>Header Files</Filter>
    </ClInclude>
    <ClInclude Include="src\rabbitcall\rabbitcall_generated_partition1.h">
      <Filter>Header Files</Filter>
    </ClInclude>
    <ClInclude Include="src\rabbitcall\rabbitcall_generated_partition2.h">
      <Filter>Header Files</Filter>
    </ClInclude>
  </ItemGroup>
  <ItemGroup>
    <ClCompile Include="src\pch.cpp">
      <Filter>Source Files</Filter>
    </ClCompile>
    <ClCompile Include="src\special_tests.cpp">
      <Filter>Source Files</Filter>
    </ClCompile>
    <ClCompile Include="src\pinvoke_tests.cpp">
      <Filter>Source Files</Filter>
    </ClCompile>
    <ClCompile Include="src\rabbitcall\rabbitcall_generated_main.cpp">
      <Filter>Source Files</Filter>
    </ClCompile>
    <ClCompile Include="src\file_set_test\house\included_file_in_partition2.cpp">
      <Filter>Source Files</Filter>
    </ClCompile>
    <ClCompile Include="src\opengl\opengl_test.cpp">
      <Filter>Source Files</Filter>
    </ClCompile>
    <ClCompile Include="src\opengl\glad\src\glad.cpp">
      <Filter>Source Files</Filter>
    </ClCompile>
    <ClCompile Include="src\main_tests.cpp">
      <Filter>Source Files</Filter>
    </ClCompile>
    <ClCompile Include="src\rabbitcall\rabbitcall_generated_partition1.cpp">
      <Filter>Source Files</Filter>
    </ClCompile>
    <ClCompile Include="src\rabbitcall\rabbitcall_generated_partition2.cpp">
      <Filter>Source Files</Filter>
    </ClCompile>
    <ClCompile Include="src\file_set_test\excluded_file.cpp">
      <Filter>Source Files</Filter>
    </ClCompile>
  </ItemGroup>
</Project>